
Microsoft Visual Studio Solution File, Format Version 12.00
# Visual Studio Version 16
VisualStudioVersion = 16.0.30413.136
MinimumVisualStudioVersion = 10.0.40219.1
Project("{9A19103F-16F7-4668-BE54-9A1E7A4F7556}") = "Architecture.BusinessLayer", "Architecture.BusinessLayer\Architecture.BusinessLayer.csproj", "{374319E5-1A4F-4B47-A1A3-5ABF48729F38}"
EndProject
Project("{9A19103F-16F7-4668-BE54-9A1E7A4F7556}") = "Architecture.ASP", "Architecture.ASP\Architecture.ASP.csproj", "{C3ECB9EB-ABA6-4436-A187-4B321298CC09}"
EndProject
Project("{9A19103F-16F7-4668-BE54-9A1E7A4F7556}") = "Architecture.Domain", "Architecture.Domain\Architecture.Domain.csproj", "{4A284434-8603-4C86-AA2E-C142E5D06EC0}"
EndProject
Project("{FAE04EC0-301F-11D3-BF4B-00C04F79EFBC}") = "Architecture.ASP.Test", "Architecture.ASP.Test\Architecture.ASP.Test.csproj", "{238040FA-4827-4922-BDDD-80E14F60913C}"
EndProject
Global
	GlobalSection(SolutionConfigurationPlatforms) = preSolution
		Debug|Any CPU = Debug|Any CPU
		Release|Any CPU = Release|Any CPU
	EndGlobalSection
	GlobalSection(ProjectConfigurationPlatforms) = postSolution
		{374319E5-1A4F-4B47-A1A3-5ABF48729F38}.Debug|Any CPU.ActiveCfg = Debug|Any CPU
		{374319E5-1A4F-4B47-A1A3-5ABF48729F38}.Debug|Any CPU.Build.0 = Debug|Any CPU
		{374319E5-1A4F-4B47-A1A3-5ABF48729F38}.Release|Any CPU.ActiveCfg = Release|Any CPU
		{374319E5-1A4F-4B47-A1A3-5ABF48729F38}.Release|Any CPU.Build.0 = Release|Any CPU
		{C3ECB9EB-ABA6-4436-A187-4B321298CC09}.Debug|Any CPU.ActiveCfg = Debug|Any CPU
		{C3ECB9EB-ABA6-4436-A187-4B321298CC09}.Debug|Any CPU.Build.0 = Debug|Any CPU
		{C3ECB9EB-ABA6-4436-A187-4B321298CC09}.Release|Any CPU.ActiveCfg = Release|Any CPU
		{C3ECB9EB-ABA6-4436-A187-4B321298CC09}.Release|Any CPU.Build.0 = Release|Any CPU
		{4A284434-8603-4C86-AA2E-C142E5D06EC0}.Debug|Any CPU.ActiveCfg = Debug|Any CPU
		{4A284434-8603-4C86-AA2E-C142E5D06EC0}.Debug|Any CPU.Build.0 = Debug|Any CPU
		{4A284434-8603-4C86-AA2E-C142E5D06EC0}.Release|Any CPU.ActiveCfg = Release|Any CPU
		{4A284434-8603-4C86-AA2E-C142E5D06EC0}.Release|Any CPU.Build.0 = Release|Any CPU
		{238040FA-4827-4922-BDDD-80E14F60913C}.Debug|Any CPU.ActiveCfg = Debug|Any CPU
		{238040FA-4827-4922-BDDD-80E14F60913C}.Debug|Any CPU.Build.0 = Debug|Any CPU
		{238040FA-4827-4922-BDDD-80E14F60913C}.Release|Any CPU.ActiveCfg = Release|Any CPU
		{238040FA-4827-4922-BDDD-80E14F60913C}.Release|Any CPU.Build.0 = Release|Any CPU
	EndGlobalSection
	GlobalSection(SolutionProperties) = preSolution
		HideSolutionNode = FALSE
	EndGlobalSection
	GlobalSection(ExtensibilityGlobals) = postSolution
		SolutionGuid = {D38E1632-809B-4F14-BD19-DC49992846B0}
	EndGlobalSection
EndGlobal
